
Microsoft Visual Studio Solution File, Format Version 12.00
# Visual Studio Version 16
VisualStudioVersion = 16.0.30711.63
MinimumVisualStudioVersion = 10.0.40219.1
Project("{9A19103F-16F7-4668-BE54-9A1E7A4F7556}") = "DigiShahr", "DigiShahr\DigiShahr.csproj", "{DD29B44C-96C7-48C2-8315-8CF8235C685F}"
EndProject
Project("{9A19103F-16F7-4668-BE54-9A1E7A4F7556}") = "Services", "Services\Services.csproj", "{432889F1-B2B9-4DA3-AE5C-688541323683}"
EndProject
Project("{9A19103F-16F7-4668-BE54-9A1E7A4F7556}") = "DataLayer", "DataLayer\DataLayer.csproj", "{79D1462F-4D59-4F4B-8C3C-78053BC9F4C0}"
EndProject
Global
	GlobalSection(SolutionConfigurationPlatforms) = preSolution
		Debug|Any CPU = Debug|Any CPU
		Release|Any CPU = Release|Any CPU
	EndGlobalSection
	GlobalSection(ProjectConfigurationPlatforms) = postSolution
		{DD29B44C-96C7-48C2-8315-8CF8235C685F}.Debug|Any CPU.ActiveCfg = Debug|Any CPU
		{DD29B44C-96C7-48C2-8315-8CF8235C685F}.Debug|Any CPU.Build.0 = Debug|Any CPU
		{DD29B44C-96C7-48C2-8315-8CF8235C685F}.Release|Any CPU.ActiveCfg = Release|Any CPU
		{DD29B44C-96C7-48C2-8315-8CF8235C685F}.Release|Any CPU.Build.0 = Release|Any CPU
		{432889F1-B2B9-4DA3-AE5C-688541323683}.Debug|Any CPU.ActiveCfg = Debug|Any CPU
		{432889F1-B2B9-4DA3-AE5C-688541323683}.Debug|Any CPU.Build.0 = Debug|Any CPU
		{432889F1-B2B9-4DA3-AE5C-688541323683}.Release|Any CPU.ActiveCfg = Release|Any CPU
		{432889F1-B2B9-4DA3-AE5C-688541323683}.Release|Any CPU.Build.0 = Release|Any CPU
		{79D1462F-4D59-4F4B-8C3C-78053BC9F4C0}.Debug|Any CPU.ActiveCfg = Debug|Any CPU
		{79D1462F-4D59-4F4B-8C3C-78053BC9F4C0}.Debug|Any CPU.Build.0 = Debug|Any CPU
		{79D1462F-4D59-4F4B-8C3C-78053BC9F4C0}.Release|Any CPU.ActiveCfg = Release|Any CPU
		{79D1462F-4D59-4F4B-8C3C-78053BC9F4C0}.Release|Any CPU.Build.0 = Release|Any CPU
	EndGlobalSection
	GlobalSection(SolutionProperties) = preSolution
		HideSolutionNode = FALSE
	EndGlobalSection
	GlobalSection(ExtensibilityGlobals) = postSolution
		SolutionGuid = {6833D689-336F-47E2-BFAD-4D92E8FE8EB7}
	EndGlobalSection
EndGlobal
